
Microsoft Visual Studio Solution File, Format Version 12.00
# Visual Studio Version 17
VisualStudioVersion = 17.8.34330.188
MinimumVisualStudioVersion = 10.0.40219.1
Project("{8BC9CEB8-8B4A-11D0-8D11-00A0C91BC942}") = "Exponentiation", "Exponentiation\Exponentiation.vcxproj", "{4DF97118-D58B-49D4-A113-C4C8015DBDCC}"
EndProject
Global
	GlobalSection(SolutionConfigurationPlatforms) = preSolution
		Debug|x64 = Debug|x64
		Debug|x86 = Debug|x86
		Release|x64 = Release|x64
		Release|x86 = Release|x86
	EndGlobalSection
	GlobalSection(ProjectConfigurationPlatforms) = postSolution
		{4DF97118-D58B-49D4-A113-C4C8015DBDCC}.Debug|x64.ActiveCfg = Debug|x64
		{4DF97118-D58B-49D4-A113-C4C8015DBDCC}.Debug|x64.Build.0 = Debug|x64
		{4DF97118-D58B-49D4-A113-C4C8015DBDCC}.Debug|x86.ActiveCfg = Debug|Win32
		{4DF97118-D58B-49D4-A113-C4C8015DBDCC}.Debug|x86.Build.0 = Debug|Win32
		{4DF97118-D58B-49D4-A113-C4C8015DBDCC}.Release|x64.ActiveCfg = Release|x64
		{4DF97118-D58B-49D4-A113-C4C8015DBDCC}.Release|x64.Build.0 = Release|x64
		{4DF97118-D58B-49D4-A113-C4C8015DBDCC}.Release|x86.ActiveCfg = Release|Win32
		{4DF97118-D58B-49D4-A113-C4C8015DBDCC}.Release|x86.Build.0 = Release|Win32
	EndGlobalSection
	GlobalSection(SolutionProperties) = preSolution
		HideSolutionNode = FALSE
	EndGlobalSection
	GlobalSection(ExtensibilityGlobals) = postSolution
		SolutionGuid = {AC477F2E-6689-4F01-A4AD-F4E7DF7B5A8F}
	EndGlobalSection
EndGlobal
